// !$*UTF8*$!
{
	archiveVersion = 1;
	classes = {
	};
	objectVersion = 56;
	objects = {

/* Begin PBXBuildFile section */
		45BE243829888E8D00111720 /* AppDelegate.swift in Sources */ = {isa = PBXBuildFile; fileRef = 45BE243729888E8D00111720 /* AppDelegate.swift */; };
		45BE243A29888E8D00111720 /* SceneDelegate.swift in Sources */ = {isa = PBXBuildFile; fileRef = 45BE243929888E8D00111720 /* SceneDelegate.swift */; };
		45BE243C29888E8D00111720 /* OnboardingViewController.swift in Sources */ = {isa = PBXBuildFile; fileRef = 45BE243B29888E8D00111720 /* OnboardingViewController.swift */; };
		45BE243F29888E8D00111720 /* Main.storyboard in Resources */ = {isa = PBXBuildFile; fileRef = 45BE243D29888E8D00111720 /* Main.storyboard */; };
		45BE244229888E8D00111720 /* WeatherApp.xcdatamodeld in Sources */ = {isa = PBXBuildFile; fileRef = 45BE244029888E8D00111720 /* WeatherApp.xcdatamodeld */; };
		45BE244429888E9400111720 /* Assets.xcassets in Resources */ = {isa = PBXBuildFile; fileRef = 45BE244329888E9400111720 /* Assets.xcassets */; };
		45BE244729888E9400111720 /* LaunchScreen.storyboard in Resources */ = {isa = PBXBuildFile; fileRef = 45BE244529888E9400111720 /* LaunchScreen.storyboard */; };
		45BE244F29889F2A00111720 /* infoLabel.swift in Sources */ = {isa = PBXBuildFile; fileRef = 45BE244E29889F2A00111720 /* infoLabel.swift */; };
		45BE2455298AC81A00111720 /* WeatherViewController.swift in Sources */ = {isa = PBXBuildFile; fileRef = 45BE2454298AC81A00111720 /* WeatherViewController.swift */; };
		45BE2459298AE06B00111720 /* NetworkManager.swift in Sources */ = {isa = PBXBuildFile; fileRef = 45BE2458298AE06B00111720 /* NetworkManager.swift */; };
		45BE245B298C0EF900111720 /* String.swift in Sources */ = {isa = PBXBuildFile; fileRef = 45BE245A298C0EF900111720 /* String.swift */; };
		45BE245D298C0F9F00111720 /* WeatherCollectionViewCell.swift in Sources */ = {isa = PBXBuildFile; fileRef = 45BE245C298C0F9F00111720 /* WeatherCollectionViewCell.swift */; };
		45BE245F298EB7EF00111720 /* DailyTableViewCell.swift in Sources */ = {isa = PBXBuildFile; fileRef = 45BE245E298EB7EF00111720 /* DailyTableViewCell.swift */; };
		45BE2461298F360A00111720 /* TimeZone.swift in Sources */ = {isa = PBXBuildFile; fileRef = 45BE2460298F360900111720 /* TimeZone.swift */; };
		45BE24632990023E00111720 /* DayDetailViewController.swift in Sources */ = {isa = PBXBuildFile; fileRef = 45BE24622990023E00111720 /* DayDetailViewController.swift */; };
		45BE24652990038500111720 /* DayDetailCollectionViewCell.swift in Sources */ = {isa = PBXBuildFile; fileRef = 45BE24642990038500111720 /* DayDetailCollectionViewCell.swift */; };
		45BE246929906EB500111720 /* DayTableViewCell.swift in Sources */ = {isa = PBXBuildFile; fileRef = 45BE246829906EB500111720 /* DayTableViewCell.swift */; };
		45BE246B29908C6C00111720 /* DayHeaderView.swift in Sources */ = {isa = PBXBuildFile; fileRef = 45BE246A29908C6C00111720 /* DayHeaderView.swift */; };
		45BE246D2991495900111720 /* DayFooterView.swift in Sources */ = {isa = PBXBuildFile; fileRef = 45BE246C2991495900111720 /* DayFooterView.swift */; };
		45BE246F29915D5200111720 /* Formatters.swift in Sources */ = {isa = PBXBuildFile; fileRef = 45BE246E29915D5200111720 /* Formatters.swift */; };
/* End PBXBuildFile section */

/* Begin PBXFileReference section */
		45BE243429888E8D00111720 /* WeatherApp.app */ = {isa = PBXFileReference; explicitFileType = wrapper.application; includeInIndex = 0; path = WeatherApp.app; sourceTree = BUILT_PRODUCTS_DIR; };
		45BE243729888E8D00111720 /* AppDelegate.swift */ = {isa = PBXFileReference; lastKnownFileType = sourcecode.swift; path = AppDelegate.swift; sourceTree = "<group>"; };
		45BE243929888E8D00111720 /* SceneDelegate.swift */ = {isa = PBXFileReference; lastKnownFileType = sourcecode.swift; path = SceneDelegate.swift; sourceTree = "<group>"; };
		45BE243B29888E8D00111720 /* OnboardingViewController.swift */ = {isa = PBXFileReference; lastKnownFileType = sourcecode.swift; path = OnboardingViewController.swift; sourceTree = "<group>"; };
		45BE243E29888E8D00111720 /* Base */ = {isa = PBXFileReference; lastKnownFileType = file.storyboard; name = Base; path = Base.lproj/Main.storyboard; sourceTree = "<group>"; };
		45BE244129888E8D00111720 /* WeatherApp.xcdatamodel */ = {isa = PBXFileReference; lastKnownFileType = wrapper.xcdatamodel; path = WeatherApp.xcdatamodel; sourceTree = "<group>"; };
		45BE244329888E9400111720 /* Assets.xcassets */ = {isa = PBXFileReference; lastKnownFileType = folder.assetcatalog; path = Assets.xcassets; sourceTree = "<group>"; };
		45BE244629888E9400111720 /* Base */ = {isa = PBXFileReference; lastKnownFileType = file.storyboard; name = Base; path = Base.lproj/LaunchScreen.storyboard; sourceTree = "<group>"; };
		45BE244829888E9400111720 /* Info.plist */ = {isa = PBXFileReference; lastKnownFileType = text.plist.xml; path = Info.plist; sourceTree = "<group>"; };
		45BE244E29889F2A00111720 /* infoLabel.swift */ = {isa = PBXFileReference; lastKnownFileType = sourcecode.swift; path = infoLabel.swift; sourceTree = "<group>"; };
		45BE2454298AC81A00111720 /* WeatherViewController.swift */ = {isa = PBXFileReference; lastKnownFileType = sourcecode.swift; path = WeatherViewController.swift; sourceTree = "<group>"; };
		45BE2456298AD9E600111720 /* Plan */ = {isa = PBXFileReference; lastKnownFileType = text; path = Plan; sourceTree = "<group>"; };
		45BE2458298AE06B00111720 /* NetworkManager.swift */ = {isa = PBXFileReference; lastKnownFileType = sourcecode.swift; path = NetworkManager.swift; sourceTree = "<group>"; };
		45BE245A298C0EF900111720 /* String.swift */ = {isa = PBXFileReference; lastKnownFileType = sourcecode.swift; path = String.swift; sourceTree = "<group>"; };
		45BE245C298C0F9F00111720 /* WeatherCollectionViewCell.swift */ = {isa = PBXFileReference; lastKnownFileType = sourcecode.swift; path = WeatherCollectionViewCell.swift; sourceTree = "<group>"; };
		45BE245E298EB7EF00111720 /* DailyTableViewCell.swift */ = {isa = PBXFileReference; lastKnownFileType = sourcecode.swift; path = DailyTableViewCell.swift; sourceTree = "<group>"; };
		45BE2460298F360900111720 /* TimeZone.swift */ = {isa = PBXFileReference; lastKnownFileType = sourcecode.swift; path = TimeZone.swift; sourceTree = "<group>"; };
		45BE24622990023E00111720 /* DayDetailViewController.swift */ = {isa = PBXFileReference; lastKnownFileType = sourcecode.swift; path = DayDetailViewController.swift; sourceTree = "<group>"; };
		45BE24642990038500111720 /* DayDetailCollectionViewCell.swift */ = {isa = PBXFileReference; lastKnownFileType = sourcecode.swift; path = DayDetailCollectionViewCell.swift; sourceTree = "<group>"; };
		45BE246829906EB500111720 /* DayTableViewCell.swift */ = {isa = PBXFileReference; lastKnownFileType = sourcecode.swift; path = DayTableViewCell.swift; sourceTree = "<group>"; };
		45BE246A29908C6C00111720 /* DayHeaderView.swift */ = {isa = PBXFileReference; lastKnownFileType = sourcecode.swift; path = DayHeaderView.swift; sourceTree = "<group>"; };
		45BE246C2991495900111720 /* DayFooterView.swift */ = {isa = PBXFileReference; lastKnownFileType = sourcecode.swift; path = DayFooterView.swift; sourceTree = "<group>"; };
		45BE246E29915D5200111720 /* Formatters.swift */ = {isa = PBXFileReference; lastKnownFileType = sourcecode.swift; path = Formatters.swift; sourceTree = "<group>"; };
/* End PBXFileReference section */

/* Begin PBXFrameworksBuildPhase section */
		45BE243129888E8D00111720 /* Frameworks */ = {
			isa = PBXFrameworksBuildPhase;
			buildActionMask = 2147483647;
			files = (
			);
			runOnlyForDeploymentPostprocessing = 0;
		};
/* End PBXFrameworksBuildPhase section */

/* Begin PBXGroup section */
		45BE242B29888E8D00111720 = {
			isa = PBXGroup;
			children = (
				45BE243629888E8D00111720 /* WeatherApp */,
				45BE243529888E8D00111720 /* Products */,
			);
			sourceTree = "<group>";
		};
		45BE243529888E8D00111720 /* Products */ = {
			isa = PBXGroup;
			children = (
				45BE243429888E8D00111720 /* WeatherApp.app */,
			);
			name = Products;
			sourceTree = "<group>";
		};
		45BE243629888E8D00111720 /* WeatherApp */ = {
			isa = PBXGroup;
			children = (
				45BE243729888E8D00111720 /* AppDelegate.swift */,
				45BE243929888E8D00111720 /* SceneDelegate.swift */,
				45BE24502988A76800111720 /* Onboarding */,
				45BE246629906E2700111720 /* MainWeather */,
				45BE246729906E6600111720 /* DayWeather */,
				45BE245A298C0EF900111720 /* String.swift */,
				45BE244E29889F2A00111720 /* infoLabel.swift */,
				45BE2460298F360900111720 /* TimeZone.swift */,
				45BE2456298AD9E600111720 /* Plan */,
				45BE2458298AE06B00111720 /* NetworkManager.swift */,
				45BE243D29888E8D00111720 /* Main.storyboard */,
				45BE244329888E9400111720 /* Assets.xcassets */,
				45BE244529888E9400111720 /* LaunchScreen.storyboard */,
				45BE244829888E9400111720 /* Info.plist */,
				45BE244029888E8D00111720 /* WeatherApp.xcdatamodeld */,
			);
			path = WeatherApp;
			sourceTree = "<group>";
		};
		45BE24502988A76800111720 /* Onboarding */ = {
			isa = PBXGroup;
			children = (
				45BE243B29888E8D00111720 /* OnboardingViewController.swift */,
			);
			path = Onboarding;
			sourceTree = "<group>";
		};
		45BE246629906E2700111720 /* MainWeather */ = {
			isa = PBXGroup;
			children = (
				45BE2454298AC81A00111720 /* WeatherViewController.swift */,
				45BE245E298EB7EF00111720 /* DailyTableViewCell.swift */,
				45BE245C298C0F9F00111720 /* WeatherCollectionViewCell.swift */,
			);
			path = MainWeather;
			sourceTree = "<group>";
		};
		45BE246729906E6600111720 /* DayWeather */ = {
			isa = PBXGroup;
			children = (
				45BE24622990023E00111720 /* DayDetailViewController.swift */,
				45BE24642990038500111720 /* DayDetailCollectionViewCell.swift */,
				45BE246829906EB500111720 /* DayTableViewCell.swift */,
				45BE246C2991495900111720 /* DayFooterView.swift */,
				45BE246E29915D5200111720 /* Formatters.swift */,
				45BE246A29908C6C00111720 /* DayHeaderView.swift */,
			);
			path = DayWeather;
			sourceTree = "<group>";
		};
/* End PBXGroup section */

/* Begin PBXNativeTarget section */
		45BE243329888E8D00111720 /* WeatherApp */ = {
			isa = PBXNativeTarget;
			buildConfigurationList = 45BE244B29888E9400111720 /* Build configuration list for PBXNativeTarget "WeatherApp" */;
			buildPhases = (
				45BE243029888E8D00111720 /* Sources */,
				45BE243129888E8D00111720 /* Frameworks */,
				45BE243229888E8D00111720 /* Resources */,
			);
			buildRules = (
			);
			dependencies = (
			);
			name = WeatherApp;
			productName = WeatherApp;
			productReference = 45BE243429888E8D00111720 /* WeatherApp.app */;
			productType = "com.apple.product-type.application";
		};
/* End PBXNativeTarget section */

/* Begin PBXProject section */
		45BE242C29888E8D00111720 /* Project object */ = {
			isa = PBXProject;
			attributes = {
				BuildIndependentTargetsInParallel = 1;
				LastSwiftUpdateCheck = 1410;
				LastUpgradeCheck = 1410;
				TargetAttributes = {
					45BE243329888E8D00111720 = {
						CreatedOnToolsVersion = 14.1;
					};
				};
			};
			buildConfigurationList = 45BE242F29888E8D00111720 /* Build configuration list for PBXProject "WeatherApp" */;
			compatibilityVersion = "Xcode 14.0";
			developmentRegion = en;
			hasScannedForEncodings = 0;
			knownRegions = (
				en,
				Base,
			);
			mainGroup = 45BE242B29888E8D00111720;
			productRefGroup = 45BE243529888E8D00111720 /* Products */;
			projectDirPath = "";
			projectRoot = "";
			targets = (
				45BE243329888E8D00111720 /* WeatherApp */,
			);
		};
/* End PBXProject section */

/* Begin PBXResourcesBuildPhase section */
		45BE243229888E8D00111720 /* Resources */ = {
			isa = PBXResourcesBuildPhase;
			buildActionMask = 2147483647;
			files = (
				45BE244729888E9400111720 /* LaunchScreen.storyboard in Resources */,
				45BE244429888E9400111720 /* Assets.xcassets in Resources */,
				45BE243F29888E8D00111720 /* Main.storyboard in Resources */,
			);
			runOnlyForDeploymentPostprocessing = 0;
		};
/* End PBXResourcesBuildPhase section */

/* Begin PBXSourcesBuildPhase section */
		45BE243029888E8D00111720 /* Sources */ = {
			isa = PBXSourcesBuildPhase;
			buildActionMask = 2147483647;
			files = (
				45BE246929906EB500111720 /* DayTableViewCell.swift in Sources */,
				45BE24632990023E00111720 /* DayDetailViewController.swift in Sources */,
				45BE245D298C0F9F00111720 /* WeatherCollectionViewCell.swift in Sources */,
				45BE245F298EB7EF00111720 /* DailyTableViewCell.swift in Sources */,
				45BE244229888E8D00111720 /* WeatherApp.xcdatamodeld in Sources */,
				45BE2455298AC81A00111720 /* WeatherViewController.swift in Sources */,
				45BE246D2991495900111720 /* DayFooterView.swift in Sources */,
				45BE243C29888E8D00111720 /* OnboardingViewController.swift in Sources */,
				45BE2459298AE06B00111720 /* NetworkManager.swift in Sources */,
				45BE246B29908C6C00111720 /* DayHeaderView.swift in Sources */,
				45BE243829888E8D00111720 /* AppDelegate.swift in Sources */,
				45BE244F29889F2A00111720 /* infoLabel.swift in Sources */,
				45BE245B298C0EF900111720 /* String.swift in Sources */,
				45BE2461298F360A00111720 /* TimeZone.swift in Sources */,
				45BE246F29915D5200111720 /* Formatters.swift in Sources */,
				45BE243A29888E8D00111720 /* SceneDelegate.swift in Sources */,
				45BE24652990038500111720 /* DayDetailCollectionViewCell.swift in Sources */,
			);
			runOnlyForDeploymentPostprocessing = 0;
		};
/* End PBXSourcesBuildPhase section */

/* Begin PBXVariantGroup section */
		45BE243D29888E8D00111720 /* Main.storyboard */ = {
			isa = PBXVariantGroup;
			children = (
				45BE243E29888E8D00111720 /* Base */,
			);
			name = Main.storyboard;
			sourceTree = "<group>";
		};
		45BE244529888E9400111720 /* LaunchScreen.storyboard */ = {
			isa = PBXVariantGroup;
			children = (
				45BE244629888E9400111720 /* Base */,
			);
			name = LaunchScreen.storyboard;
			sourceTree = "<group>";
		};
/* End PBXVariantGroup section */

/* Begin XCBuildConfiguration section */
		45BE244929888E9400111720 /* Debug */ = {
			isa = XCBuildConfiguration;
			buildSettings = {
				ALWAYS_SEARCH_USER_PATHS = NO;
				CLANG_ANALYZER_NONNULL = YES;
				CLANG_ANALYZER_NUMBER_OBJECT_CONVERSION = YES_AGGRESSIVE;
				CLANG_CXX_LANGUAGE_STANDARD = "gnu++20";
				CLANG_ENABLE_MODULES = YES;
				CLANG_ENABLE_OBJC_ARC = YES;
				CLANG_ENABLE_OBJC_WEAK = YES;
				CLANG_WARN_BLOCK_CAPTURE_AUTORELEASING = YES;
				CLANG_WARN_BOOL_CONVERSION = YES;
				CLANG_WARN_COMMA = YES;
				CLANG_WARN_CONSTANT_CONVERSION = YES;
				CLANG_WARN_DEPRECATED_OBJC_IMPLEMENTATIONS = YES;
				CLANG_WARN_DIRECT_OBJC_ISA_USAGE = YES_ERROR;
				CLANG_WARN_DOCUMENTATION_COMMENTS = YES;
				CLANG_WARN_EMPTY_BODY = YES;
				CLANG_WARN_ENUM_CONVERSION = YES;
				CLANG_WARN_INFINITE_RECURSION = YES;
				CLANG_WARN_INT_CONVERSION = YES;
				CLANG_WARN_NON_LITERAL_NULL_CONVERSION = YES;
				CLANG_WARN_OBJC_IMPLICIT_RETAIN_SELF = YES;
				CLANG_WARN_OBJC_LITERAL_CONVERSION = YES;
				CLANG_WARN_OBJC_ROOT_CLASS = YES_ERROR;
				CLANG_WARN_QUOTED_INCLUDE_IN_FRAMEWORK_HEADER = YES;
				CLANG_WARN_RANGE_LOOP_ANALYSIS = YES;
				CLANG_WARN_STRICT_PROTOTYPES = YES;
				CLANG_WARN_SUSPICIOUS_MOVE = YES;
				CLANG_WARN_UNGUARDED_AVAILABILITY = YES_AGGRESSIVE;
				CLANG_WARN_UNREACHABLE_CODE = YES;
				CLANG_WARN__DUPLICATE_METHOD_MATCH = YES;
				COPY_PHASE_STRIP = NO;
				DEBUG_INFORMATION_FORMAT = dwarf;
				ENABLE_STRICT_OBJC_MSGSEND = YES;
				ENABLE_TESTABILITY = YES;
				GCC_C_LANGUAGE_STANDARD = gnu11;
				GCC_DYNAMIC_NO_PIC = NO;
				GCC_NO_COMMON_BLOCKS = YES;
				GCC_OPTIMIZATION_LEVEL = 0;
				GCC_PREPROCESSOR_DEFINITIONS = (
					"DEBUG=1",
					"$(inherited)",
				);
				GCC_WARN_64_TO_32_BIT_CONVERSION = YES;
				GCC_WARN_ABOUT_RETURN_TYPE = YES_ERROR;
				GCC_WARN_UNDECLARED_SELECTOR = YES;
				GCC_WARN_UNINITIALIZED_AUTOS = YES_AGGRESSIVE;
				GCC_WARN_UNUSED_FUNCTION = YES;
				GCC_WARN_UNUSED_VARIABLE = YES;
				IPHONEOS_DEPLOYMENT_TARGET = 16.1;
				MTL_ENABLE_DEBUG_INFO = INCLUDE_SOURCE;
				MTL_FAST_MATH = YES;
				ONLY_ACTIVE_ARCH = YES;
				SDKROOT = iphoneos;
				SWIFT_ACTIVE_COMPILATION_CONDITIONS = DEBUG;
				SWIFT_OPTIMIZATION_LEVEL = "-Onone";
			};
			name = Debug;
		};
		45BE244A29888E9400111720 /* Release */ = {
			isa = XCBuildConfiguration;
			buildSettings = {
				ALWAYS_SEARCH_USER_PATHS = NO;
				CLANG_ANALYZER_NONNULL = YES;
				CLANG_ANALYZER_NUMBER_OBJECT_CONVERSION = YES_AGGRESSIVE;
				CLANG_CXX_LANGUAGE_STANDARD = "gnu++20";
				CLANG_ENABLE_MODULES = YES;
				CLANG_ENABLE_OBJC_ARC = YES;
				CLANG_ENABLE_OBJC_WEAK = YES;
				CLANG_WARN_BLOCK_CAPTURE_AUTORELEASING = YES;
				CLANG_WARN_BOOL_CONVERSION = YES;
				CLANG_WARN_COMMA = YES;
				CLANG_WARN_CONSTANT_CONVERSION = YES;
				CLANG_WARN_DEPRECATED_OBJC_IMPLEMENTATIONS = YES;
				CLANG_WARN_DIRECT_OBJC_ISA_USAGE = YES_ERROR;
				CLANG_WARN_DOCUMENTATION_COMMENTS = YES;
				CLANG_WARN_EMPTY_BODY = YES;
				CLANG_WARN_ENUM_CONVERSION = YES;
				CLANG_WARN_INFINITE_RECURSION = YES;
				CLANG_WARN_INT_CONVERSION = YES;
				CLANG_WARN_NON_LITERAL_NULL_CONVERSION = YES;
				CLANG_WARN_OBJC_IMPLICIT_RETAIN_SELF = YES;
				CLANG_WARN_OBJC_LITERAL_CONVERSION = YES;
				CLANG_WARN_OBJC_ROOT_CLASS = YES_ERROR;
				CLANG_WARN_QUOTED_INCLUDE_IN_FRAMEWORK_HEADER = YES;
				CLANG_WARN_RANGE_LOOP_ANALYSIS = YES;
				CLANG_WARN_STRICT_PROTOTYPES = YES;
				CLANG_WARN_SUSPICIOUS_MOVE = YES;
				CLANG_WARN_UNGUARDED_AVAILABILITY = YES_AGGRESSIVE;
				CLANG_WARN_UNREACHABLE_CODE = YES;
				CLANG_WARN__DUPLICATE_METHOD_MATCH = YES;
				COPY_PHASE_STRIP = NO;
				DEBUG_INFORMATION_FORMAT = "dwarf-with-dsym";
				ENABLE_NS_ASSERTIONS = NO;
				ENABLE_STRICT_OBJC_MSGSEND = YES;
				GCC_C_LANGUAGE_STANDARD = gnu11;
				GCC_NO_COMMON_BLOCKS = YES;
				GCC_WARN_64_TO_32_BIT_CONVERSION = YES;
				GCC_WARN_ABOUT_RETURN_TYPE = YES_ERROR;
				GCC_WARN_UNDECLARED_SELECTOR = YES;
				GCC_WARN_UNINITIALIZED_AUTOS = YES_AGGRESSIVE;
				GCC_WARN_UNUSED_FUNCTION = YES;
				GCC_WARN_UNUSED_VARIABLE = YES;
				IPHONEOS_DEPLOYMENT_TARGET = 16.1;
				MTL_ENABLE_DEBUG_INFO = NO;
				MTL_FAST_MATH = YES;
				SDKROOT = iphoneos;
				SWIFT_COMPILATION_MODE = wholemodule;
				SWIFT_OPTIMIZATION_LEVEL = "-O";
				VALIDATE_PRODUCT = YES;
			};
			name = Release;
		};
		45BE244C29888E9400111720 /* Debug */ = {
			isa = XCBuildConfiguration;
			buildSettings = {
				ASSETCATALOG_COMPILER_APPICON_NAME = AppIcon;
				ASSETCATALOG_COMPILER_GLOBAL_ACCENT_COLOR_NAME = AccentColor;
				CODE_SIGN_STYLE = Automatic;
				CURRENT_PROJECT_VERSION = 1;
				DEVELOPMENT_TEAM = JZPU7337NX;
				GENERATE_INFOPLIST_FILE = YES;
				INFOPLIST_FILE = WeatherApp/Info.plist;
				INFOPLIST_KEY_UIApplicationSupportsIndirectInputEvents = YES;
				INFOPLIST_KEY_UILaunchStoryboardName = LaunchScreen;
				INFOPLIST_KEY_UIStatusBarStyle = "";
				INFOPLIST_KEY_UISupportedInterfaceOrientations_iPad = "UIInterfaceOrientationPortrait UIInterfaceOrientationPortraitUpsideDown UIInterfaceOrientationLandscapeLeft UIInterfaceOrientationLandscapeRight";
				INFOPLIST_KEY_UISupportedInterfaceOrientations_iPhone = "UIInterfaceOrientationPortrait UIInterfaceOrientationLandscapeLeft UIInterfaceOrientationLandscapeRight";
				LD_RUNPATH_SEARCH_PATHS = (
					"$(inherited)",
					"@executable_path/Frameworks",
				);
				MARKETING_VERSION = 1.0;
				PRODUCT_BUNDLE_IDENTIFIER = "Roman-Vronsky.WeatherApp";
				PRODUCT_NAME = "$(TARGET_NAME)";
				SWIFT_EMIT_LOC_STRINGS = YES;
				SWIFT_VERSION = 5.0;
				TARGETED_DEVICE_FAMILY = "1,2";
			};
			name = Debug;
		};
		45BE244D29888E9400111720 /* Release */ = {
			isa = XCBuildConfiguration;
			buildSettings = {
				ASSETCATALOG_COMPILER_APPICON_NAME = AppIcon;
				ASSETCATALOG_COMPILER_GLOBAL_ACCENT_COLOR_NAME = AccentColor;
				CODE_SIGN_STYLE = Automatic;
				CURRENT_PROJECT_VERSION = 1;
				DEVELOPMENT_TEAM = JZPU7337NX;
				GENERATE_INFOPLIST_FILE = YES;
				INFOPLIST_FILE = WeatherApp/Info.plist;
				INFOPLIST_KEY_UIApplicationSupportsIndirectInputEvents = YES;
				INFOPLIST_KEY_UILaunchStoryboardName = LaunchScreen;
				INFOPLIST_KEY_UIStatusBarStyle = "";
				INFOPLIST_KEY_UISupportedInterfaceOrientations_iPad = "UIInterfaceOrientationPortrait UIInterfaceOrientationPortraitUpsideDown UIInterfaceOrientationLandscapeLeft UIInterfaceOrientationLandscapeRight";
				INFOPLIST_KEY_UISupportedInterfaceOrientations_iPhone = "UIInterfaceOrientationPortrait UIInterfaceOrientationLandscapeLeft UIInterfaceOrientationLandscapeRight";
				LD_RUNPATH_SEARCH_PATHS = (
					"$(inherited)",
					"@executable_path/Frameworks",
				);
				MARKETING_VERSION = 1.0;
				PRODUCT_BUNDLE_IDENTIFIER = "Roman-Vronsky.WeatherApp";
				PRODUCT_NAME = "$(TARGET_NAME)";
				SWIFT_EMIT_LOC_STRINGS = YES;
				SWIFT_VERSION = 5.0;
				TARGETED_DEVICE_FAMILY = "1,2";
			};
			name = Release;
		};
/* End XCBuildConfiguration section */

/* Begin XCConfigurationList section */
		45BE242F29888E8D00111720 /* Build configuration list for PBXProject "WeatherApp" */ = {
			isa = XCConfigurationList;
			buildConfigurations = (
				45BE244929888E9400111720 /* Debug */,
				45BE244A29888E9400111720 /* Release */,
			);
			defaultConfigurationIsVisible = 0;
			defaultConfigurationName = Release;
		};
		45BE244B29888E9400111720 /* Build configuration list for PBXNativeTarget "WeatherApp" */ = {
			isa = XCConfigurationList;
			buildConfigurations = (
				45BE244C29888E9400111720 /* Debug */,
				45BE244D29888E9400111720 /* Release */,
			);
			defaultConfigurationIsVisible = 0;
			defaultConfigurationName = Release;
		};
/* End XCConfigurationList section */

/* Begin XCVersionGroup section */
		45BE244029888E8D00111720 /* WeatherApp.xcdatamodeld */ = {
			isa = XCVersionGroup;
			children = (
				45BE244129888E8D00111720 /* WeatherApp.xcdatamodel */,
			);
			currentVersion = 45BE244129888E8D00111720 /* WeatherApp.xcdatamodel */;
			path = WeatherApp.xcdatamodeld;
			sourceTree = "<group>";
			versionGroupType = wrapper.xcdatamodel;
		};
/* End XCVersionGroup section */
	};
	rootObject = 45BE242C29888E8D00111720 /* Project object */;
}
